
Microsoft Visual Studio Solution File, Format Version 12.00
# Visual Studio Version 16
VisualStudioVersion = 16.0.32413.511
MinimumVisualStudioVersion = 10.0.40219.1
Project("{8BC9CEB8-8B4A-11D0-8D11-00A0C91BC942}") = "FtpClient", "FtpClient\FtpClient.vcxproj", "{20A2464B-EAFF-4AAF-AD5D-BB7146F8C072}"
EndProject
Project("{2150E333-8FDC-42A3-9474-1A3956D46DE8}") = "ini", "ini", "{2057239E-1BFC-4940-ADC2-2A59485711C8}"
	ProjectSection(SolutionItems) = preProject
		ini\config.ini = ini\config.ini
	EndProjectSection
EndProject
Global
	GlobalSection(SolutionConfigurationPlatforms) = preSolution
		Debug|x64 = Debug|x64
		Debug|x86 = Debug|x86
		Release|x64 = Release|x64
		Release|x86 = Release|x86
	EndGlobalSection
	GlobalSection(ProjectConfigurationPlatforms) = postSolution
		{20A2464B-EAFF-4AAF-AD5D-BB7146F8C072}.Debug|x64.ActiveCfg = Debug|x64
		{20A2464B-EAFF-4AAF-AD5D-BB7146F8C072}.Debug|x64.Build.0 = Debug|x64
		{20A2464B-EAFF-4AAF-AD5D-BB7146F8C072}.Debug|x86.ActiveCfg = Debug|Win32
		{20A2464B-EAFF-4AAF-AD5D-BB7146F8C072}.Debug|x86.Build.0 = Debug|Win32
		{20A2464B-EAFF-4AAF-AD5D-BB7146F8C072}.Release|x64.ActiveCfg = Release|x64
		{20A2464B-EAFF-4AAF-AD5D-BB7146F8C072}.Release|x64.Build.0 = Release|x64
		{20A2464B-EAFF-4AAF-AD5D-BB7146F8C072}.Release|x86.ActiveCfg = Release|Win32
		{20A2464B-EAFF-4AAF-AD5D-BB7146F8C072}.Release|x86.Build.0 = Release|Win32
	EndGlobalSection
	GlobalSection(SolutionProperties) = preSolution
		HideSolutionNode = FALSE
	EndGlobalSection
	GlobalSection(ExtensibilityGlobals) = postSolution
		SolutionGuid = {B2752BFA-A8CC-43B6-A7E1-44A9A32D6307}
	EndGlobalSection
EndGlobal
